// !$*UTF8*$!
{
	archiveVersion = 1;
	classes = {
	};
	objectVersion = 56;
	objects = {

/* Begin PBXBuildFile section */
		B17D47DB292982F800911232 /* AppDelegate.swift in Sources */ = {isa = PBXBuildFile; fileRef = B17D47DA292982F800911232 /* AppDelegate.swift */; };
		B17D47DD292982F800911232 /* SceneDelegate.swift in Sources */ = {isa = PBXBuildFile; fileRef = B17D47DC292982F800911232 /* SceneDelegate.swift */; };
		B17D47DF292982F800911232 /* ViewController.swift in Sources */ = {isa = PBXBuildFile; fileRef = B17D47DE292982F800911232 /* ViewController.swift */; };
		B17D47E2292982F800911232 /* Main.storyboard in Resources */ = {isa = PBXBuildFile; fileRef = B17D47E0292982F800911232 /* Main.storyboard */; };
		B17D47E4292982FA00911232 /* Assets.xcassets in Resources */ = {isa = PBXBuildFile; fileRef = B17D47E3292982FA00911232 /* Assets.xcassets */; };
		B17D47E7292982FA00911232 /* LaunchScreen.storyboard in Resources */ = {isa = PBXBuildFile; fileRef = B17D47E5292982FA00911232 /* LaunchScreen.storyboard */; };
		B1B64678292A49D800D6A5B5 /* CompositionalLayoutDemo.swift in Sources */ = {isa = PBXBuildFile; fileRef = B1B64677292A49D800D6A5B5 /* CompositionalLayoutDemo.swift */; };
		B1B6467B292A509F00D6A5B5 /* MyCollectionViewCell.swift in Sources */ = {isa = PBXBuildFile; fileRef = B1B64679292A509F00D6A5B5 /* MyCollectionViewCell.swift */; };
		B1B6467C292A509F00D6A5B5 /* MyCollectionViewCell.xib in Resources */ = {isa = PBXBuildFile; fileRef = B1B6467A292A509F00D6A5B5 /* MyCollectionViewCell.xib */; };
		B1B6467F292A5A0D00D6A5B5 /* HeaderReusableView.swift in Sources */ = {isa = PBXBuildFile; fileRef = B1B6467D292A5A0D00D6A5B5 /* HeaderReusableView.swift */; };
		B1B64680292A5A0D00D6A5B5 /* HeaderReusableView.xib in Resources */ = {isa = PBXBuildFile; fileRef = B1B6467E292A5A0D00D6A5B5 /* HeaderReusableView.xib */; };
/* End PBXBuildFile section */

/* Begin PBXFileReference section */
		B17D47D7292982F800911232 /* CollectionViewDemo.app */ = {isa = PBXFileReference; explicitFileType = wrapper.application; includeInIndex = 0; path = CollectionViewDemo.app; sourceTree = BUILT_PRODUCTS_DIR; };
		B17D47DA292982F800911232 /* AppDelegate.swift */ = {isa = PBXFileReference; lastKnownFileType = sourcecode.swift; path = AppDelegate.swift; sourceTree = "<group>"; };
		B17D47DC292982F800911232 /* SceneDelegate.swift */ = {isa = PBXFileReference; lastKnownFileType = sourcecode.swift; path = SceneDelegate.swift; sourceTree = "<group>"; };
		B17D47DE292982F800911232 /* ViewController.swift */ = {isa = PBXFileReference; lastKnownFileType = sourcecode.swift; path = ViewController.swift; sourceTree = "<group>"; };
		B17D47E1292982F800911232 /* Base */ = {isa = PBXFileReference; lastKnownFileType = file.storyboard; name = Base; path = Base.lproj/Main.storyboard; sourceTree = "<group>"; };
		B17D47E3292982FA00911232 /* Assets.xcassets */ = {isa = PBXFileReference; lastKnownFileType = folder.assetcatalog; path = Assets.xcassets; sourceTree = "<group>"; };
		B17D47E6292982FA00911232 /* Base */ = {isa = PBXFileReference; lastKnownFileType = file.storyboard; name = Base; path = Base.lproj/LaunchScreen.storyboard; sourceTree = "<group>"; };
		B17D47E8292982FA00911232 /* Info.plist */ = {isa = PBXFileReference; lastKnownFileType = text.plist.xml; path = Info.plist; sourceTree = "<group>"; };
		B1B64677292A49D800D6A5B5 /* CompositionalLayoutDemo.swift */ = {isa = PBXFileReference; fileEncoding = 4; lastKnownFileType = sourcecode.swift; path = CompositionalLayoutDemo.swift; sourceTree = "<group>"; };
		B1B64679292A509F00D6A5B5 /* MyCollectionViewCell.swift */ = {isa = PBXFileReference; lastKnownFileType = sourcecode.swift; path = MyCollectionViewCell.swift; sourceTree = "<group>"; };
		B1B6467A292A509F00D6A5B5 /* MyCollectionViewCell.xib */ = {isa = PBXFileReference; lastKnownFileType = file.xib; path = MyCollectionViewCell.xib; sourceTree = "<group>"; };
		B1B6467D292A5A0D00D6A5B5 /* HeaderReusableView.swift */ = {isa = PBXFileReference; lastKnownFileType = sourcecode.swift; path = HeaderReusableView.swift; sourceTree = "<group>"; };
		B1B6467E292A5A0D00D6A5B5 /* HeaderReusableView.xib */ = {isa = PBXFileReference; lastKnownFileType = file.xib; path = HeaderReusableView.xib; sourceTree = "<group>"; };
/* End PBXFileReference section */

/* Begin PBXFrameworksBuildPhase section */
		B17D47D4292982F800911232 /* Frameworks */ = {
			isa = PBXFrameworksBuildPhase;
			buildActionMask = 2147483647;
			files = (
			);
			runOnlyForDeploymentPostprocessing = 0;
		};
/* End PBXFrameworksBuildPhase section */

/* Begin PBXGroup section */
		B17D47CE292982F800911232 = {
			isa = PBXGroup;
			children = (
				B17D47D9292982F800911232 /* CollectionViewDemo */,
				B17D47D8292982F800911232 /* Products */,
			);
			sourceTree = "<group>";
		};
		B17D47D8292982F800911232 /* Products */ = {
			isa = PBXGroup;
			children = (
				B17D47D7292982F800911232 /* CollectionViewDemo.app */,
			);
			name = Products;
			sourceTree = "<group>";
		};
		B17D47D9292982F800911232 /* CollectionViewDemo */ = {
			isa = PBXGroup;
			children = (
				B17D47DA292982F800911232 /* AppDelegate.swift */,
				B17D47DC292982F800911232 /* SceneDelegate.swift */,
				B17D47DE292982F800911232 /* ViewController.swift */,
				B1B64677292A49D800D6A5B5 /* CompositionalLayoutDemo.swift */,
				B17D47E0292982F800911232 /* Main.storyboard */,
				B17D47E3292982FA00911232 /* Assets.xcassets */,
				B17D47E5292982FA00911232 /* LaunchScreen.storyboard */,
				B17D47E8292982FA00911232 /* Info.plist */,
				B1B64679292A509F00D6A5B5 /* MyCollectionViewCell.swift */,
				B1B6467A292A509F00D6A5B5 /* MyCollectionViewCell.xib */,
				B1B6467D292A5A0D00D6A5B5 /* HeaderReusableView.swift */,
				B1B6467E292A5A0D00D6A5B5 /* HeaderReusableView.xib */,
			);
			path = CollectionViewDemo;
			sourceTree = "<group>";
		};
/* End PBXGroup section */

/* Begin PBXNativeTarget section */
		B17D47D6292982F800911232 /* CollectionViewDemo */ = {
			isa = PBXNativeTarget;
			buildConfigurationList = B17D47EB292982FA00911232 /* Build configuration list for PBXNativeTarget "CollectionViewDemo" */;
			buildPhases = (
				B17D47D3292982F800911232 /* Sources */,
				B17D47D4292982F800911232 /* Frameworks */,
				B17D47D5292982F800911232 /* Resources */,
			);
			buildRules = (
			);
			dependencies = (
			);
			name = CollectionViewDemo;
			productName = CollectionViewDemo;
			productReference = B17D47D7292982F800911232 /* CollectionViewDemo.app */;
			productType = "com.apple.product-type.application";
		};
/* End PBXNativeTarget section */

/* Begin PBXProject section */
		B17D47CF292982F800911232 /* Project object */ = {
			isa = PBXProject;
			attributes = {
				BuildIndependentTargetsInParallel = 1;
				LastSwiftUpdateCheck = 1410;
				LastUpgradeCheck = 1410;
				TargetAttributes = {
					B17D47D6292982F800911232 = {
						CreatedOnToolsVersion = 14.1;
					};
				};
			};
			buildConfigurationList = B17D47D2292982F800911232 /* Build configuration list for PBXProject "CollectionViewDemo" */;
			compatibilityVersion = "Xcode 14.0";
			developmentRegion = en;
			hasScannedForEncodings = 0;
			knownRegions = (
				en,
				Base,
			);
			mainGroup = B17D47CE292982F800911232;
			productRefGroup = B17D47D8292982F800911232 /* Products */;
			projectDirPath = "";
			projectRoot = "";
			targets = (
				B17D47D6292982F800911232 /* CollectionViewDemo */,
			);
		};
/* End PBXProject section */

/* Begin PBXResourcesBuildPhase section */
		B17D47D5292982F800911232 /* Resources */ = {
			isa = PBXResourcesBuildPhase;
			buildActionMask = 2147483647;
			files = (
				B17D47E7292982FA00911232 /* LaunchScreen.storyboard in Resources */,
				B17D47E4292982FA00911232 /* Assets.xcassets in Resources */,
				B1B64680292A5A0D00D6A5B5 /* HeaderReusableView.xib in Resources */,
				B1B6467C292A509F00D6A5B5 /* MyCollectionViewCell.xib in Resources */,
				B17D47E2292982F800911232 /* Main.storyboard in Resources */,
			);
			runOnlyForDeploymentPostprocessing = 0;
		};
/* End PBXResourcesBuildPhase section */

/* Begin PBXSourcesBuildPhase section */
		B17D47D3292982F800911232 /* Sources */ = {
			isa = PBXSourcesBuildPhase;
			buildActionMask = 2147483647;
			files = (
				B1B64678292A49D800D6A5B5 /* CompositionalLayoutDemo.swift in Sources */,
				B1B6467B292A509F00D6A5B5 /* MyCollectionViewCell.swift in Sources */,
				B1B6467F292A5A0D00D6A5B5 /* HeaderReusableView.swift in Sources */,
				B17D47DF292982F800911232 /* ViewController.swift in Sources */,
				B17D47DB292982F800911232 /* AppDelegate.swift in Sources */,
				B17D47DD292982F800911232 /* SceneDelegate.swift in Sources */,
			);
			runOnlyForDeploymentPostprocessing = 0;
		};
/* End PBXSourcesBuildPhase section */

/* Begin PBXVariantGroup section */
		B17D47E0292982F800911232 /* Main.storyboard */ = {
			isa = PBXVariantGroup;
			children = (
				B17D47E1292982F800911232 /* Base */,
			);
			name = Main.storyboard;
			sourceTree = "<group>";
		};
		B17D47E5292982FA00911232 /* LaunchScreen.storyboard */ = {
			isa = PBXVariantGroup;
			children = (
				B17D47E6292982FA00911232 /* Base */,
			);
			name = LaunchScreen.storyboard;
			sourceTree = "<group>";
		};
/* End PBXVariantGroup section */

/* Begin XCBuildConfiguration section */
		B17D47E9292982FA00911232 /* Debug */ = {
			isa = XCBuildConfiguration;
			buildSettings = {
				ALWAYS_SEARCH_USER_PATHS = NO;
				CLANG_ANALYZER_NONNULL = YES;
				CLANG_ANALYZER_NUMBER_OBJECT_CONVERSION = YES_AGGRESSIVE;
				CLANG_CXX_LANGUAGE_STANDARD = "gnu++20";
				CLANG_ENABLE_MODULES = YES;
				CLANG_ENABLE_OBJC_ARC = YES;
				CLANG_ENABLE_OBJC_WEAK = YES;
				CLANG_WARN_BLOCK_CAPTURE_AUTORELEASING = YES;
				CLANG_WARN_BOOL_CONVERSION = YES;
				CLANG_WARN_COMMA = YES;
				CLANG_WARN_CONSTANT_CONVERSION = YES;
				CLANG_WARN_DEPRECATED_OBJC_IMPLEMENTATIONS = YES;
				CLANG_WARN_DIRECT_OBJC_ISA_USAGE = YES_ERROR;
				CLANG_WARN_DOCUMENTATION_COMMENTS = YES;
				CLANG_WARN_EMPTY_BODY = YES;
				CLANG_WARN_ENUM_CONVERSION = YES;
				CLANG_WARN_INFINITE_RECURSION = YES;
				CLANG_WARN_INT_CONVERSION = YES;
				CLANG_WARN_NON_LITERAL_NULL_CONVERSION = YES;
				CLANG_WARN_OBJC_IMPLICIT_RETAIN_SELF = YES;
				CLANG_WARN_OBJC_LITERAL_CONVERSION = YES;
				CLANG_WARN_OBJC_ROOT_CLASS = YES_ERROR;
				CLANG_WARN_QUOTED_INCLUDE_IN_FRAMEWORK_HEADER = YES;
				CLANG_WARN_RANGE_LOOP_ANALYSIS = YES;
				CLANG_WARN_STRICT_PROTOTYPES = YES;
				CLANG_WARN_SUSPICIOUS_MOVE = YES;
				CLANG_WARN_UNGUARDED_AVAILABILITY = YES_AGGRESSIVE;
				CLANG_WARN_UNREACHABLE_CODE = YES;
				CLANG_WARN__DUPLICATE_METHOD_MATCH = YES;
				COPY_PHASE_STRIP = NO;
				DEBUG_INFORMATION_FORMAT = dwarf;
				ENABLE_STRICT_OBJC_MSGSEND = YES;
				ENABLE_TESTABILITY = YES;
				GCC_C_LANGUAGE_STANDARD = gnu11;
				GCC_DYNAMIC_NO_PIC = NO;
				GCC_NO_COMMON_BLOCKS = YES;
				GCC_OPTIMIZATION_LEVEL = 0;
				GCC_PREPROCESSOR_DEFINITIONS = (
					"DEBUG=1",
					"$(inherited)",
				);
				GCC_WARN_64_TO_32_BIT_CONVERSION = YES;
				GCC_WARN_ABOUT_RETURN_TYPE = YES_ERROR;
				GCC_WARN_UNDECLARED_SELECTOR = YES;
				GCC_WARN_UNINITIALIZED_AUTOS = YES_AGGRESSIVE;
				GCC_WARN_UNUSED_FUNCTION = YES;
				GCC_WARN_UNUSED_VARIABLE = YES;
				IPHONEOS_DEPLOYMENT_TARGET = 16.1;
				MTL_ENABLE_DEBUG_INFO = INCLUDE_SOURCE;
				MTL_FAST_MATH = YES;
				ONLY_ACTIVE_ARCH = YES;
				SDKROOT = iphoneos;
				SWIFT_ACTIVE_COMPILATION_CONDITIONS = DEBUG;
				SWIFT_OPTIMIZATION_LEVEL = "-Onone";
			};
			name = Debug;
		};
		B17D47EA292982FA00911232 /* Release */ = {
			isa = XCBuildConfiguration;
			buildSettings = {
				ALWAYS_SEARCH_USER_PATHS = NO;
				CLANG_ANALYZER_NONNULL = YES;
				CLANG_ANALYZER_NUMBER_OBJECT_CONVERSION = YES_AGGRESSIVE;
				CLANG_CXX_LANGUAGE_STANDARD = "gnu++20";
				CLANG_ENABLE_MODULES = YES;
				CLANG_ENABLE_OBJC_ARC = YES;
				CLANG_ENABLE_OBJC_WEAK = YES;
				CLANG_WARN_BLOCK_CAPTURE_AUTORELEASING = YES;
				CLANG_WARN_BOOL_CONVERSION = YES;
				CLANG_WARN_COMMA = YES;
				CLANG_WARN_CONSTANT_CONVERSION = YES;
				CLANG_WARN_DEPRECATED_OBJC_IMPLEMENTATIONS = YES;
				CLANG_WARN_DIRECT_OBJC_ISA_USAGE = YES_ERROR;
				CLANG_WARN_DOCUMENTATION_COMMENTS = YES;
				CLANG_WARN_EMPTY_BODY = YES;
				CLANG_WARN_ENUM_CONVERSION = YES;
				CLANG_WARN_INFINITE_RECURSION = YES;
				CLANG_WARN_INT_CONVERSION = YES;
				CLANG_WARN_NON_LITERAL_NULL_CONVERSION = YES;
				CLANG_WARN_OBJC_IMPLICIT_RETAIN_SELF = YES;
				CLANG_WARN_OBJC_LITERAL_CONVERSION = YES;
				CLANG_WARN_OBJC_ROOT_CLASS = YES_ERROR;
				CLANG_WARN_QUOTED_INCLUDE_IN_FRAMEWORK_HEADER = YES;
				CLANG_WARN_RANGE_LOOP_ANALYSIS = YES;
				CLANG_WARN_STRICT_PROTOTYPES = YES;
				CLANG_WARN_SUSPICIOUS_MOVE = YES;
				CLANG_WARN_UNGUARDED_AVAILABILITY = YES_AGGRESSIVE;
				CLANG_WARN_UNREACHABLE_CODE = YES;
				CLANG_WARN__DUPLICATE_METHOD_MATCH = YES;
				COPY_PHASE_STRIP = NO;
				DEBUG_INFORMATION_FORMAT = "dwarf-with-dsym";
				ENABLE_NS_ASSERTIONS = NO;
				ENABLE_STRICT_OBJC_MSGSEND = YES;
				GCC_C_LANGUAGE_STANDARD = gnu11;
				GCC_NO_COMMON_BLOCKS = YES;
				GCC_WARN_64_TO_32_BIT_CONVERSION = YES;
				GCC_WARN_ABOUT_RETURN_TYPE = YES_ERROR;
				GCC_WARN_UNDECLARED_SELECTOR = YES;
				GCC_WARN_UNINITIALIZED_AUTOS = YES_AGGRESSIVE;
				GCC_WARN_UNUSED_FUNCTION = YES;
				GCC_WARN_UNUSED_VARIABLE = YES;
				IPHONEOS_DEPLOYMENT_TARGET = 16.1;
				MTL_ENABLE_DEBUG_INFO = NO;
				MTL_FAST_MATH = YES;
				SDKROOT = iphoneos;
				SWIFT_COMPILATION_MODE = wholemodule;
				SWIFT_OPTIMIZATION_LEVEL = "-O";
				VALIDATE_PRODUCT = YES;
			};
			name = Release;
		};
		B17D47EC292982FA00911232 /* Debug */ = {
			isa = XCBuildConfiguration;
			buildSettings = {
				ASSETCATALOG_COMPILER_APPICON_NAME = AppIcon;
				ASSETCATALOG_COMPILER_GLOBAL_ACCENT_COLOR_NAME = AccentColor;
				CODE_SIGN_STYLE = Automatic;
				CURRENT_PROJECT_VERSION = 1;
				GENERATE_INFOPLIST_FILE = YES;
				INFOPLIST_FILE = CollectionViewDemo/Info.plist;
				INFOPLIST_KEY_UIApplicationSupportsIndirectInputEvents = YES;
				INFOPLIST_KEY_UILaunchStoryboardName = LaunchScreen;
				INFOPLIST_KEY_UIMainStoryboardFile = Main;
				INFOPLIST_KEY_UIRequiresFullScreen = NO;
				INFOPLIST_KEY_UISupportedInterfaceOrientations = "UIInterfaceOrientationLandscapeLeft UIInterfaceOrientationLandscapeRight UIInterfaceOrientationPortrait UIInterfaceOrientationPortraitUpsideDown";
				LD_RUNPATH_SEARCH_PATHS = (
					"$(inherited)",
					"@executable_path/Frameworks",
				);
				MARKETING_VERSION = 1.0;
				PRODUCT_BUNDLE_IDENTIFIER = com.kaushik.CollectionViewDemo;
				PRODUCT_NAME = "$(TARGET_NAME)";
				SWIFT_EMIT_LOC_STRINGS = YES;
				SWIFT_VERSION = 5.0;
				TARGETED_DEVICE_FAMILY = "1,2";
			};
			name = Debug;
		};
		B17D47ED292982FA00911232 /* Release */ = {
			isa = XCBuildConfiguration;
			buildSettings = {
				ASSETCATALOG_COMPILER_APPICON_NAME = AppIcon;
				ASSETCATALOG_COMPILER_GLOBAL_ACCENT_COLOR_NAME = AccentColor;
				CODE_SIGN_STYLE = Automatic;
				CURRENT_PROJECT_VERSION = 1;
				GENERATE_INFOPLIST_FILE = YES;
				INFOPLIST_FILE = CollectionViewDemo/Info.plist;
				INFOPLIST_KEY_UIApplicationSupportsIndirectInputEvents = YES;
				INFOPLIST_KEY_UILaunchStoryboardName = LaunchScreen;
				INFOPLIST_KEY_UIMainStoryboardFile = Main;
				INFOPLIST_KEY_UIRequiresFullScreen = NO;
				INFOPLIST_KEY_UISupportedInterfaceOrientations = "UIInterfaceOrientationLandscapeLeft UIInterfaceOrientationLandscapeRight UIInterfaceOrientationPortrait UIInterfaceOrientationPortraitUpsideDown";
				LD_RUNPATH_SEARCH_PATHS = (
					"$(inherited)",
					"@executable_path/Frameworks",
				);
				MARKETING_VERSION = 1.0;
				PRODUCT_BUNDLE_IDENTIFIER = com.kaushik.CollectionViewDemo;
				PRODUCT_NAME = "$(TARGET_NAME)";
				SWIFT_EMIT_LOC_STRINGS = YES;
				SWIFT_VERSION = 5.0;
				TARGETED_DEVICE_FAMILY = "1,2";
			};
			name = Release;
		};
/* End XCBuildConfiguration section */

/* Begin XCConfigurationList section */
		B17D47D2292982F800911232 /* Build configuration list for PBXProject "CollectionViewDemo" */ = {
			isa = XCConfigurationList;
			buildConfigurations = (
				B17D47E9292982FA00911232 /* Debug */,
				B17D47EA292982FA00911232 /* Release */,
			);
			defaultConfigurationIsVisible = 0;
			defaultConfigurationName = Release;
		};
		B17D47EB292982FA00911232 /* Build configuration list for PBXNativeTarget "CollectionViewDemo" */ = {
			isa = XCConfigurationList;
			buildConfigurations = (
				B17D47EC292982FA00911232 /* Debug */,
				B17D47ED292982FA00911232 /* Release */,
			);
			defaultConfigurationIsVisible = 0;
			defaultConfigurationName = Release;
		};
/* End XCConfigurationList section */
	};
	rootObject = B17D47CF292982F800911232 /* Project object */;
}
